
Microsoft Visual Studio Solution File, Format Version 12.00
# Visual Studio Version 17
VisualStudioVersion = 17.1.32319.34
MinimumVisualStudioVersion = 10.0.40219.1
Project("{9A19103F-16F7-4668-BE54-9A1E7A4F7556}") = "SpaceShip", "SpaceShip\SpaceShip.csproj", "{7ED4C258-C884-464E-9A65-BCB67FA67A47}"
EndProject
Project("{9A19103F-16F7-4668-BE54-9A1E7A4F7556}") = "SpaceShip_Engine", "SpaceShip.Engine\SpaceShip_Engine.csproj", "{0B996AB5-7495-4A4F-8FC8-057624044B68}"
EndProject
Project("{9A19103F-16F7-4668-BE54-9A1E7A4F7556}") = "Model", "ClassLibrary1\Model.csproj", "{F28ED2CF-1ADA-4AEF-8F90-122B57CA995D}"
EndProject
Global
	GlobalSection(SolutionConfigurationPlatforms) = preSolution
		Debug|Any CPU = Debug|Any CPU
		Release|Any CPU = Release|Any CPU
	EndGlobalSection
	GlobalSection(ProjectConfigurationPlatforms) = postSolution
		{7ED4C258-C884-464E-9A65-BCB67FA67A47}.Debug|Any CPU.ActiveCfg = Debug|Any CPU
		{7ED4C258-C884-464E-9A65-BCB67FA67A47}.Debug|Any CPU.Build.0 = Debug|Any CPU
		{7ED4C258-C884-464E-9A65-BCB67FA67A47}.Release|Any CPU.ActiveCfg = Release|Any CPU
		{7ED4C258-C884-464E-9A65-BCB67FA67A47}.Release|Any CPU.Build.0 = Release|Any CPU
		{0B996AB5-7495-4A4F-8FC8-057624044B68}.Debug|Any CPU.ActiveCfg = Debug|Any CPU
		{0B996AB5-7495-4A4F-8FC8-057624044B68}.Debug|Any CPU.Build.0 = Debug|Any CPU
		{0B996AB5-7495-4A4F-8FC8-057624044B68}.Release|Any CPU.ActiveCfg = Release|Any CPU
		{0B996AB5-7495-4A4F-8FC8-057624044B68}.Release|Any CPU.Build.0 = Release|Any CPU
		{F28ED2CF-1ADA-4AEF-8F90-122B57CA995D}.Debug|Any CPU.ActiveCfg = Debug|Any CPU
		{F28ED2CF-1ADA-4AEF-8F90-122B57CA995D}.Debug|Any CPU.Build.0 = Debug|Any CPU
		{F28ED2CF-1ADA-4AEF-8F90-122B57CA995D}.Release|Any CPU.ActiveCfg = Release|Any CPU
		{F28ED2CF-1ADA-4AEF-8F90-122B57CA995D}.Release|Any CPU.Build.0 = Release|Any CPU
	EndGlobalSection
	GlobalSection(SolutionProperties) = preSolution
		HideSolutionNode = FALSE
	EndGlobalSection
	GlobalSection(ExtensibilityGlobals) = postSolution
		SolutionGuid = {734C84CC-AC33-4638-982A-47D71BD46AF4}
	EndGlobalSection
EndGlobal
